
Microsoft Visual Studio Solution File, Format Version 12.00
# Visual Studio Version 16
VisualStudioVersion = 16.0.31112.23
MinimumVisualStudioVersion = 10.0.40219.1
Project("{FAE04EC0-301F-11D3-BF4B-00C04F79EFBC}") = "PR2_Surgai_ZVD1", "PR2_Surgai_ZVD1\PR2_Surgai_ZVD1.csproj", "{E5CADD2F-7663-4FC8-A5F2-625621248428}"
EndProject
Global
	GlobalSection(SolutionConfigurationPlatforms) = preSolution
		Debug|Any CPU = Debug|Any CPU
		Release|Any CPU = Release|Any CPU
	EndGlobalSection
	GlobalSection(ProjectConfigurationPlatforms) = postSolution
		{E5CADD2F-7663-4FC8-A5F2-625621248428}.Debug|Any CPU.ActiveCfg = Debug|Any CPU
		{E5CADD2F-7663-4FC8-A5F2-625621248428}.Debug|Any CPU.Build.0 = Debug|Any CPU
		{E5CADD2F-7663-4FC8-A5F2-625621248428}.Release|Any CPU.ActiveCfg = Release|Any CPU
		{E5CADD2F-7663-4FC8-A5F2-625621248428}.Release|Any CPU.Build.0 = Release|Any CPU
	EndGlobalSection
	GlobalSection(SolutionProperties) = preSolution
		HideSolutionNode = FALSE
	EndGlobalSection
	GlobalSection(ExtensibilityGlobals) = postSolution
		SolutionGuid = {EE19510E-C15E-4CA4-BFF2-4DF6005D9981}
	EndGlobalSection
EndGlobal
